// !$*UTF8*$!
{
	archiveVersion = 1;
	classes = {
	};
	objectVersion = 46;
	objects = {

/* Begin PBXBuildFile section */
		4D809CF61A7FEDC400593E17 /* PasswordManager.swift in Sources */ = {isa = PBXBuildFile; fileRef = 4D809CF51A7FEDC400593E17 /* PasswordManager.swift */; };
		4D809CF91A80008D00593E17 /* SelectPassword.swift in Sources */ = {isa = PBXBuildFile; fileRef = 4D809CF71A80008D00593E17 /* SelectPassword.swift */; };
		4D809CFA1A80008D00593E17 /* SelectPassword.xib in Resources */ = {isa = PBXBuildFile; fileRef = 4D809CF81A80008D00593E17 /* SelectPassword.xib */; };
		4D8402F91A7F40650060691E /* MainMenu.xib in Resources */ = {isa = PBXBuildFile; fileRef = 4DD4DEBB1A7EA15C00654A13 /* MainMenu.xib */; };
		4D8402FB1A7F41AC0060691E /* Unrar.swift in Sources */ = {isa = PBXBuildFile; fileRef = 4D8402FA1A7F41AC0060691E /* Unrar.swift */; };
		4D8403021A7F48E90060691E /* Settings.swift in Sources */ = {isa = PBXBuildFile; fileRef = 4D8403001A7F48E90060691E /* Settings.swift */; };
		4D8403031A7F48E90060691E /* Settings.xib in Resources */ = {isa = PBXBuildFile; fileRef = 4D8403011A7F48E90060691E /* Settings.xib */; };
		4D8403061A7F4A600060691E /* Passwords.swift in Sources */ = {isa = PBXBuildFile; fileRef = 4D8403041A7F4A600060691E /* Passwords.swift */; };
		4D8403071A7F4A600060691E /* Passwords.xib in Resources */ = {isa = PBXBuildFile; fileRef = 4D8403051A7F4A600060691E /* Passwords.xib */; };
		4D84030E1A7F56BE0060691E /* passwords.txt in Resources */ = {isa = PBXBuildFile; fileRef = 4D84030D1A7F56BE0060691E /* passwords.txt */; };
		4D8403111A7FE0F60060691E /* ManagePassword.swift in Sources */ = {isa = PBXBuildFile; fileRef = 4D84030F1A7FE0F60060691E /* ManagePassword.swift */; };
		4D8403121A7FE0F60060691E /* ManagePassword.xib in Resources */ = {isa = PBXBuildFile; fileRef = 4D8403101A7FE0F60060691E /* ManagePassword.xib */; };
		4DAD665F1A800A3700DE60B8 /* DraggedFiles.swift in Sources */ = {isa = PBXBuildFile; fileRef = 4DAD665E1A800A3700DE60B8 /* DraggedFiles.swift */; };
		4DAD66621A802E7400DE60B8 /* GivePassword.swift in Sources */ = {isa = PBXBuildFile; fileRef = 4DAD66601A802E7400DE60B8 /* GivePassword.swift */; };
		4DAD66631A802E7400DE60B8 /* GivePassword.xib in Resources */ = {isa = PBXBuildFile; fileRef = 4DAD66611A802E7400DE60B8 /* GivePassword.xib */; };
		4DAD668F1A822C4600DE60B8 /* Archiving.swift in Sources */ = {isa = PBXBuildFile; fileRef = 4DAD668D1A822C4600DE60B8 /* Archiving.swift */; };
		4DAD66901A822C4600DE60B8 /* Archiving.xib in Resources */ = {isa = PBXBuildFile; fileRef = 4DAD668E1A822C4600DE60B8 /* Archiving.xib */; };
		4DAD66921A823DCD00DE60B8 /* Preferences.swift in Sources */ = {isa = PBXBuildFile; fileRef = 4DAD66911A823DCD00DE60B8 /* Preferences.swift */; };
		4DCEB4251A7EB696001A78A2 /* Shell.swift in Sources */ = {isa = PBXBuildFile; fileRef = 4DCEB4241A7EB696001A78A2 /* Shell.swift */; };
		4DCEB4281A7EBEC6001A78A2 /* ArchivingViewController.swift in Sources */ = {isa = PBXBuildFile; fileRef = 4DCEB4261A7EBEC6001A78A2 /* ArchivingViewController.swift */; };
		4DCEB4291A7EBEC6001A78A2 /* ArchivingViewController.xib in Resources */ = {isa = PBXBuildFile; fileRef = 4DCEB4271A7EBEC6001A78A2 /* ArchivingViewController.xib */; };
		4DCEB4301A7F0595001A78A2 /* DragView.swift in Sources */ = {isa = PBXBuildFile; fileRef = 4DCEB42E1A7F0595001A78A2 /* DragView.swift */; };
		4DCEB4331A7F090F001A78A2 /* MainWindow.xib in Resources */ = {isa = PBXBuildFile; fileRef = 4DCEB4321A7F090F001A78A2 /* MainWindow.xib */; };
		4DCEB4381A7F1C8D001A78A2 /* Rar.swift in Sources */ = {isa = PBXBuildFile; fileRef = 4DCEB4371A7F1C8D001A78A2 /* Rar.swift */; };
		4DCEB43A1A7F2714001A78A2 /* testOutput in Resources */ = {isa = PBXBuildFile; fileRef = 4DCEB4391A7F2714001A78A2 /* testOutput */; };
		4DD4DEB51A7EA15C00654A13 /* AppDelegate.swift in Sources */ = {isa = PBXBuildFile; fileRef = 4DD4DEB41A7EA15C00654A13 /* AppDelegate.swift */; };
		4DD4DEB81A7EA15C00654A13 /* LUErar2.xcdatamodeld in Sources */ = {isa = PBXBuildFile; fileRef = 4DD4DEB61A7EA15C00654A13 /* LUErar2.xcdatamodeld */; };
		4DD4DEBA1A7EA15C00654A13 /* Images.xcassets in Resources */ = {isa = PBXBuildFile; fileRef = 4DD4DEB91A7EA15C00654A13 /* Images.xcassets */; };
		4DD4DEC91A7EA15C00654A13 /* LUErar2Tests.swift in Sources */ = {isa = PBXBuildFile; fileRef = 4DD4DEC81A7EA15C00654A13 /* LUErar2Tests.swift */; };
		4DD4DED41A7EA1E800654A13 /* rar in Resources */ = {isa = PBXBuildFile; fileRef = 4DD4DED21A7EA1E800654A13 /* rar */; };
		4DD4DED51A7EA1E800654A13 /* unrar in Resources */ = {isa = PBXBuildFile; fileRef = 4DD4DED31A7EA1E800654A13 /* unrar */; };
		4DD4DEDA1A7EA2BB00654A13 /* MainWindow.swift in Sources */ = {isa = PBXBuildFile; fileRef = 4DD4DED81A7EA2BB00654A13 /* MainWindow.swift */; };
		4DD4DEDB1A7EA2BB00654A13 /* DragView.xib in Resources */ = {isa = PBXBuildFile; fileRef = 4DD4DED91A7EA2BB00654A13 /* DragView.xib */; };
		4DD4DEDD1A7EAA6100654A13 /* Dropper.swift in Sources */ = {isa = PBXBuildFile; fileRef = 4DD4DEDC1A7EAA6100654A13 /* Dropper.swift */; };
		4DD4DEDF1A7EAF3C00654A13 /* FancyAnimation.swift in Sources */ = {isa = PBXBuildFile; fileRef = 4DD4DEDE1A7EAF3C00654A13 /* FancyAnimation.swift */; };
/* End PBXBuildFile section */

/* Begin PBXContainerItemProxy section */
		4DD4DEC31A7EA15C00654A13 /* PBXContainerItemProxy */ = {
			isa = PBXContainerItemProxy;
			containerPortal = 4DD4DEA71A7EA15C00654A13 /* Project object */;
			proxyType = 1;
			remoteGlobalIDString = 4DD4DEAE1A7EA15C00654A13;
			remoteInfo = LUErar2;
		};
/* End PBXContainerItemProxy section */

/* Begin PBXFileReference section */
		4D809CF51A7FEDC400593E17 /* PasswordManager.swift */ = {isa = PBXFileReference; fileEncoding = 4; lastKnownFileType = sourcecode.swift; path = PasswordManager.swift; sourceTree = "<group>"; };
		4D809CF71A80008D00593E17 /* SelectPassword.swift */ = {isa = PBXFileReference; fileEncoding = 4; lastKnownFileType = sourcecode.swift; path = SelectPassword.swift; sourceTree = "<group>"; };
		4D809CF81A80008D00593E17 /* SelectPassword.xib */ = {isa = PBXFileReference; fileEncoding = 4; lastKnownFileType = file.xib; path = SelectPassword.xib; sourceTree = "<group>"; };
		4D8402FA1A7F41AC0060691E /* Unrar.swift */ = {isa = PBXFileReference; fileEncoding = 4; lastKnownFileType = sourcecode.swift; path = Unrar.swift; sourceTree = "<group>"; };
		4D8403001A7F48E90060691E /* Settings.swift */ = {isa = PBXFileReference; fileEncoding = 4; lastKnownFileType = sourcecode.swift; path = Settings.swift; sourceTree = "<group>"; };
		4D8403011A7F48E90060691E /* Settings.xib */ = {isa = PBXFileReference; fileEncoding = 4; lastKnownFileType = file.xib; path = Settings.xib; sourceTree = "<group>"; };
		4D8403041A7F4A600060691E /* Passwords.swift */ = {isa = PBXFileReference; fileEncoding = 4; lastKnownFileType = sourcecode.swift; path = Passwords.swift; sourceTree = "<group>"; };
		4D8403051A7F4A600060691E /* Passwords.xib */ = {isa = PBXFileReference; fileEncoding = 4; lastKnownFileType = file.xib; path = Passwords.xib; sourceTree = "<group>"; };
		4D84030D1A7F56BE0060691E /* passwords.txt */ = {isa = PBXFileReference; fileEncoding = 4; lastKnownFileType = text; path = passwords.txt; sourceTree = "<group>"; };
		4D84030F1A7FE0F60060691E /* ManagePassword.swift */ = {isa = PBXFileReference; fileEncoding = 4; lastKnownFileType = sourcecode.swift; path = ManagePassword.swift; sourceTree = "<group>"; };
		4D8403101A7FE0F60060691E /* ManagePassword.xib */ = {isa = PBXFileReference; fileEncoding = 4; lastKnownFileType = file.xib; path = ManagePassword.xib; sourceTree = "<group>"; };
		4DAD665E1A800A3700DE60B8 /* DraggedFiles.swift */ = {isa = PBXFileReference; fileEncoding = 4; lastKnownFileType = sourcecode.swift; path = DraggedFiles.swift; sourceTree = "<group>"; };
		4DAD66601A802E7400DE60B8 /* GivePassword.swift */ = {isa = PBXFileReference; fileEncoding = 4; lastKnownFileType = sourcecode.swift; path = GivePassword.swift; sourceTree = "<group>"; };
		4DAD66611A802E7400DE60B8 /* GivePassword.xib */ = {isa = PBXFileReference; fileEncoding = 4; lastKnownFileType = file.xib; path = GivePassword.xib; sourceTree = "<group>"; };
		4DAD668D1A822C4600DE60B8 /* Archiving.swift */ = {isa = PBXFileReference; fileEncoding = 4; lastKnownFileType = sourcecode.swift; path = Archiving.swift; sourceTree = "<group>"; };
		4DAD668E1A822C4600DE60B8 /* Archiving.xib */ = {isa = PBXFileReference; fileEncoding = 4; lastKnownFileType = file.xib; path = Archiving.xib; sourceTree = "<group>"; };
		4DAD66911A823DCD00DE60B8 /* Preferences.swift */ = {isa = PBXFileReference; fileEncoding = 4; lastKnownFileType = sourcecode.swift; path = Preferences.swift; sourceTree = "<group>"; };
		4DCEB4241A7EB696001A78A2 /* Shell.swift */ = {isa = PBXFileReference; fileEncoding = 4; lastKnownFileType = sourcecode.swift; path = Shell.swift; sourceTree = "<group>"; };
		4DCEB4261A7EBEC6001A78A2 /* ArchivingViewController.swift */ = {isa = PBXFileReference; fileEncoding = 4; lastKnownFileType = sourcecode.swift; path = ArchivingViewController.swift; sourceTree = "<group>"; };
		4DCEB4271A7EBEC6001A78A2 /* ArchivingViewController.xib */ = {isa = PBXFileReference; fileEncoding = 4; lastKnownFileType = file.xib; path = ArchivingViewController.xib; sourceTree = "<group>"; };
		4DCEB42E1A7F0595001A78A2 /* DragView.swift */ = {isa = PBXFileReference; fileEncoding = 4; lastKnownFileType = sourcecode.swift; path = DragView.swift; sourceTree = "<group>"; };
		4DCEB4321A7F090F001A78A2 /* MainWindow.xib */ = {isa = PBXFileReference; fileEncoding = 4; lastKnownFileType = file.xib; path = MainWindow.xib; sourceTree = "<group>"; };
		4DCEB4371A7F1C8D001A78A2 /* Rar.swift */ = {isa = PBXFileReference; fileEncoding = 4; lastKnownFileType = sourcecode.swift; path = Rar.swift; sourceTree = "<group>"; };
		4DCEB4391A7F2714001A78A2 /* testOutput */ = {isa = PBXFileReference; lastKnownFileType = "compiled.mach-o.executable"; path = testOutput; sourceTree = "<group>"; };
		4DD4DEAF1A7EA15C00654A13 /* LUErar2.app */ = {isa = PBXFileReference; explicitFileType = wrapper.application; includeInIndex = 0; path = LUErar2.app; sourceTree = BUILT_PRODUCTS_DIR; };
		4DD4DEB31A7EA15C00654A13 /* Info.plist */ = {isa = PBXFileReference; lastKnownFileType = text.plist.xml; path = Info.plist; sourceTree = "<group>"; };
		4DD4DEB41A7EA15C00654A13 /* AppDelegate.swift */ = {isa = PBXFileReference; lastKnownFileType = sourcecode.swift; path = AppDelegate.swift; sourceTree = "<group>"; };
		4DD4DEB71A7EA15C00654A13 /* LUErar2.xcdatamodel */ = {isa = PBXFileReference; lastKnownFileType = wrapper.xcdatamodel; path = LUErar2.xcdatamodel; sourceTree = "<group>"; };
		4DD4DEB91A7EA15C00654A13 /* Images.xcassets */ = {isa = PBXFileReference; lastKnownFileType = folder.assetcatalog; path = Images.xcassets; sourceTree = "<group>"; };
		4DD4DEBC1A7EA15C00654A13 /* Base */ = {isa = PBXFileReference; lastKnownFileType = file.xib; name = Base; path = Base.lproj/MainMenu.xib; sourceTree = "<group>"; };
		4DD4DEC21A7EA15C00654A13 /* LUErar2Tests.xctest */ = {isa = PBXFileReference; explicitFileType = wrapper.cfbundle; includeInIndex = 0; path = LUErar2Tests.xctest; sourceTree = BUILT_PRODUCTS_DIR; };
		4DD4DEC71A7EA15C00654A13 /* Info.plist */ = {isa = PBXFileReference; lastKnownFileType = text.plist.xml; path = Info.plist; sourceTree = "<group>"; };
		4DD4DEC81A7EA15C00654A13 /* LUErar2Tests.swift */ = {isa = PBXFileReference; lastKnownFileType = sourcecode.swift; path = LUErar2Tests.swift; sourceTree = "<group>"; };
		4DD4DED21A7EA1E800654A13 /* rar */ = {isa = PBXFileReference; lastKnownFileType = "compiled.mach-o.executable"; path = rar; sourceTree = "<group>"; };
		4DD4DED31A7EA1E800654A13 /* unrar */ = {isa = PBXFileReference; lastKnownFileType = "compiled.mach-o.executable"; path = unrar; sourceTree = "<group>"; };
		4DD4DED81A7EA2BB00654A13 /* MainWindow.swift */ = {isa = PBXFileReference; fileEncoding = 4; lastKnownFileType = sourcecode.swift; path = MainWindow.swift; sourceTree = "<group>"; };
		4DD4DED91A7EA2BB00654A13 /* DragView.xib */ = {isa = PBXFileReference; fileEncoding = 4; lastKnownFileType = file.xib; path = DragView.xib; sourceTree = "<group>"; };
		4DD4DEDC1A7EAA6100654A13 /* Dropper.swift */ = {isa = PBXFileReference; fileEncoding = 4; lastKnownFileType = sourcecode.swift; path = Dropper.swift; sourceTree = "<group>"; };
		4DD4DEDE1A7EAF3C00654A13 /* FancyAnimation.swift */ = {isa = PBXFileReference; fileEncoding = 4; lastKnownFileType = sourcecode.swift; path = FancyAnimation.swift; sourceTree = "<group>"; };
/* End PBXFileReference section */

/* Begin PBXFrameworksBuildPhase section */
		4DD4DEAC1A7EA15C00654A13 /* Frameworks */ = {
			isa = PBXFrameworksBuildPhase;
			buildActionMask = 2147483647;
			files = (
			);
			runOnlyForDeploymentPostprocessing = 0;
		};
		4DD4DEBF1A7EA15C00654A13 /* Frameworks */ = {
			isa = PBXFrameworksBuildPhase;
			buildActionMask = 2147483647;
			files = (
			);
			runOnlyForDeploymentPostprocessing = 0;
		};
/* End PBXFrameworksBuildPhase section */

/* Begin PBXGroup section */
		4D8403081A7F4A630060691E /* Settings */ = {
			isa = PBXGroup;
			children = (
				4D84030C1A7F4ABF0060691E /* Views */,
				4D84030B1A7F4AB60060691E /* View Controllers */,
			);
			name = Settings;
			sourceTree = "<group>";
		};
		4D84030A1A7F4A8A0060691E /* Main */ = {
			isa = PBXGroup;
			children = (
				4DCEB4351A7F1BA7001A78A2 /* Views */,
				4DCEB4341A7F1B94001A78A2 /* View Controllers */,
			);
			name = Main;
			sourceTree = "<group>";
		};
		4D84030B1A7F4AB60060691E /* View Controllers */ = {
			isa = PBXGroup;
			children = (
				4D8403001A7F48E90060691E /* Settings.swift */,
				4DAD668D1A822C4600DE60B8 /* Archiving.swift */,
				4D84030F1A7FE0F60060691E /* ManagePassword.swift */,
				4D8403041A7F4A600060691E /* Passwords.swift */,
			);
			name = "View Controllers";
			sourceTree = "<group>";
		};
		4D84030C1A7F4ABF0060691E /* Views */ = {
			isa = PBXGroup;
			children = (
				4DAD668E1A822C4600DE60B8 /* Archiving.xib */,
				4D8403011A7F48E90060691E /* Settings.xib */,
				4D8403051A7F4A600060691E /* Passwords.xib */,
				4D8403101A7FE0F60060691E /* ManagePassword.xib */,
			);
			name = Views;
			sourceTree = "<group>";
		};
		4DCEB4341A7F1B94001A78A2 /* View Controllers */ = {
			isa = PBXGroup;
			children = (
				4DAD66601A802E7400DE60B8 /* GivePassword.swift */,
				4D809CF71A80008D00593E17 /* SelectPassword.swift */,
				4DCEB4261A7EBEC6001A78A2 /* ArchivingViewController.swift */,
				4DD4DEDC1A7EAA6100654A13 /* Dropper.swift */,
				4DD4DED81A7EA2BB00654A13 /* MainWindow.swift */,
				4DCEB42E1A7F0595001A78A2 /* DragView.swift */,
			);
			name = "View Controllers";
			sourceTree = "<group>";
		};
		4DCEB4351A7F1BA7001A78A2 /* Views */ = {
			isa = PBXGroup;
			children = (
				4DCEB4321A7F090F001A78A2 /* MainWindow.xib */,
				4DD4DED91A7EA2BB00654A13 /* DragView.xib */,
				4DCEB4271A7EBEC6001A78A2 /* ArchivingViewController.xib */,
				4D809CF81A80008D00593E17 /* SelectPassword.xib */,
				4DAD66611A802E7400DE60B8 /* GivePassword.xib */,
			);
			name = Views;
			sourceTree = "<group>";
		};
		4DCEB4361A7F1C7D001A78A2 /* Classes */ = {
			isa = PBXGroup;
			children = (
				4D809CF51A7FEDC400593E17 /* PasswordManager.swift */,
				4DCEB4241A7EB696001A78A2 /* Shell.swift */,
				4DCEB4371A7F1C8D001A78A2 /* Rar.swift */,
				4D8402FA1A7F41AC0060691E /* Unrar.swift */,
				4DAD665E1A800A3700DE60B8 /* DraggedFiles.swift */,
				4DAD66911A823DCD00DE60B8 /* Preferences.swift */,
			);
			name = Classes;
			sourceTree = "<group>";
		};
		4DD4DEA61A7EA15C00654A13 = {
			isa = PBXGroup;
			children = (
				4DCEB4361A7F1C7D001A78A2 /* Classes */,
				4D8403081A7F4A630060691E /* Settings */,
				4D84030A1A7F4A8A0060691E /* Main */,
				4DD4DEDE1A7EAF3C00654A13 /* FancyAnimation.swift */,
				4DD4DED21A7EA1E800654A13 /* rar */,
				4D84030D1A7F56BE0060691E /* passwords.txt */,
				4DCEB4391A7F2714001A78A2 /* testOutput */,
				4DD4DED31A7EA1E800654A13 /* unrar */,
				4DD4DEB11A7EA15C00654A13 /* LUErar2 */,
				4DD4DEC51A7EA15C00654A13 /* LUErar2Tests */,
				4DD4DEB01A7EA15C00654A13 /* Products */,
			);
			sourceTree = "<group>";
		};
		4DD4DEB01A7EA15C00654A13 /* Products */ = {
			isa = PBXGroup;
			children = (
				4DD4DEAF1A7EA15C00654A13 /* LUErar2.app */,
				4DD4DEC21A7EA15C00654A13 /* LUErar2Tests.xctest */,
			);
			name = Products;
			sourceTree = "<group>";
		};
		4DD4DEB11A7EA15C00654A13 /* LUErar2 */ = {
			isa = PBXGroup;
			children = (
				4DD4DEB41A7EA15C00654A13 /* AppDelegate.swift */,
				4DD4DEB91A7EA15C00654A13 /* Images.xcassets */,
				4DD4DEBB1A7EA15C00654A13 /* MainMenu.xib */,
				4DD4DEB61A7EA15C00654A13 /* LUErar2.xcdatamodeld */,
				4DD4DEB21A7EA15C00654A13 /* Supporting Files */,
			);
			path = LUErar2;
			sourceTree = "<group>";
		};
		4DD4DEB21A7EA15C00654A13 /* Supporting Files */ = {
			isa = PBXGroup;
			children = (
				4DD4DEB31A7EA15C00654A13 /* Info.plist */,
			);
			name = "Supporting Files";
			sourceTree = "<group>";
		};
		4DD4DEC51A7EA15C00654A13 /* LUErar2Tests */ = {
			isa = PBXGroup;
			children = (
				4DD4DEC81A7EA15C00654A13 /* LUErar2Tests.swift */,
				4DD4DEC61A7EA15C00654A13 /* Supporting Files */,
			);
			path = LUErar2Tests;
			sourceTree = "<group>";
		};
		4DD4DEC61A7EA15C00654A13 /* Supporting Files */ = {
			isa = PBXGroup;
			children = (
				4DD4DEC71A7EA15C00654A13 /* Info.plist */,
			);
			name = "Supporting Files";
			sourceTree = "<group>";
		};
/* End PBXGroup section */

/* Begin PBXNativeTarget section */
		4DD4DEAE1A7EA15C00654A13 /* LUErar2 */ = {
			isa = PBXNativeTarget;
			buildConfigurationList = 4DD4DECC1A7EA15C00654A13 /* Build configuration list for PBXNativeTarget "LUErar2" */;
			buildPhases = (
				4DD4DEAB1A7EA15C00654A13 /* Sources */,
				4DD4DEAC1A7EA15C00654A13 /* Frameworks */,
				4DD4DEAD1A7EA15C00654A13 /* Resources */,
			);
			buildRules = (
			);
			dependencies = (
			);
			name = LUErar2;
			productName = LUErar2;
			productReference = 4DD4DEAF1A7EA15C00654A13 /* LUErar2.app */;
			productType = "com.apple.product-type.application";
		};
		4DD4DEC11A7EA15C00654A13 /* LUErar2Tests */ = {
			isa = PBXNativeTarget;
			buildConfigurationList = 4DD4DECF1A7EA15C00654A13 /* Build configuration list for PBXNativeTarget "LUErar2Tests" */;
			buildPhases = (
				4DD4DEBE1A7EA15C00654A13 /* Sources */,
				4DD4DEBF1A7EA15C00654A13 /* Frameworks */,
				4DD4DEC01A7EA15C00654A13 /* Resources */,
			);
			buildRules = (
			);
			dependencies = (
				4DD4DEC41A7EA15C00654A13 /* PBXTargetDependency */,
			);
			name = LUErar2Tests;
			productName = LUErar2Tests;
			productReference = 4DD4DEC21A7EA15C00654A13 /* LUErar2Tests.xctest */;
			productType = "com.apple.product-type.bundle.unit-test";
		};
/* End PBXNativeTarget section */

/* Begin PBXProject section */
		4DD4DEA71A7EA15C00654A13 /* Project object */ = {
			isa = PBXProject;
			attributes = {
				LastUpgradeCheck = 0610;
				ORGANIZATIONNAME = Kalphak;
				TargetAttributes = {
					4DD4DEAE1A7EA15C00654A13 = {
						CreatedOnToolsVersion = 6.1.1;
					};
					4DD4DEC11A7EA15C00654A13 = {
						CreatedOnToolsVersion = 6.1.1;
						TestTargetID = 4DD4DEAE1A7EA15C00654A13;
					};
				};
			};
			buildConfigurationList = 4DD4DEAA1A7EA15C00654A13 /* Build configuration list for PBXProject "LUErar2" */;
			compatibilityVersion = "Xcode 3.2";
			developmentRegion = English;
			hasScannedForEncodings = 0;
			knownRegions = (
				en,
				Base,
			);
			mainGroup = 4DD4DEA61A7EA15C00654A13;
			productRefGroup = 4DD4DEB01A7EA15C00654A13 /* Products */;
			projectDirPath = "";
			projectRoot = "";
			targets = (
				4DD4DEAE1A7EA15C00654A13 /* LUErar2 */,
				4DD4DEC11A7EA15C00654A13 /* LUErar2Tests */,
			);
		};
/* End PBXProject section */

/* Begin PBXResourcesBuildPhase section */
		4DD4DEAD1A7EA15C00654A13 /* Resources */ = {
			isa = PBXResourcesBuildPhase;
			buildActionMask = 2147483647;
			files = (
				4D8403031A7F48E90060691E /* Settings.xib in Resources */,
				4DAD66901A822C4600DE60B8 /* Archiving.xib in Resources */,
				4D8402F91A7F40650060691E /* MainMenu.xib in Resources */,
				4DCEB4331A7F090F001A78A2 /* MainWindow.xib in Resources */,
				4DD4DED41A7EA1E800654A13 /* rar in Resources */,
				4D809CFA1A80008D00593E17 /* SelectPassword.xib in Resources */,
				4DD4DEDB1A7EA2BB00654A13 /* DragView.xib in Resources */,
				4DCEB43A1A7F2714001A78A2 /* testOutput in Resources */,
				4D84030E1A7F56BE0060691E /* passwords.txt in Resources */,
				4D8403071A7F4A600060691E /* Passwords.xib in Resources */,
				4DCEB4291A7EBEC6001A78A2 /* ArchivingViewController.xib in Resources */,
				4DD4DED51A7EA1E800654A13 /* unrar in Resources */,
				4DD4DEBA1A7EA15C00654A13 /* Images.xcassets in Resources */,
				4D8403121A7FE0F60060691E /* ManagePassword.xib in Resources */,
				4DAD66631A802E7400DE60B8 /* GivePassword.xib in Resources */,
			);
			runOnlyForDeploymentPostprocessing = 0;
		};
		4DD4DEC01A7EA15C00654A13 /* Resources */ = {
			isa = PBXResourcesBuildPhase;
			buildActionMask = 2147483647;
			files = (
			);
			runOnlyForDeploymentPostprocessing = 0;
		};
/* End PBXResourcesBuildPhase section */

/* Begin PBXSourcesBuildPhase section */
		4DD4DEAB1A7EA15C00654A13 /* Sources */ = {
			isa = PBXSourcesBuildPhase;
			buildActionMask = 2147483647;
			files = (
				4D809CF91A80008D00593E17 /* SelectPassword.swift in Sources */,
				4D8403061A7F4A600060691E /* Passwords.swift in Sources */,
				4D8402FB1A7F41AC0060691E /* Unrar.swift in Sources */,
				4DCEB4251A7EB696001A78A2 /* Shell.swift in Sources */,
				4DD4DEDD1A7EAA6100654A13 /* Dropper.swift in Sources */,
				4DCEB4301A7F0595001A78A2 /* DragView.swift in Sources */,
				4DCEB4281A7EBEC6001A78A2 /* ArchivingViewController.swift in Sources */,
				4DD4DEB51A7EA15C00654A13 /* AppDelegate.swift in Sources */,
				4DAD66621A802E7400DE60B8 /* GivePassword.swift in Sources */,
				4D8403111A7FE0F60060691E /* ManagePassword.swift in Sources */,
				4DAD66921A823DCD00DE60B8 /* Preferences.swift in Sources */,
				4DD4DEDA1A7EA2BB00654A13 /* MainWindow.swift in Sources */,
				4DAD668F1A822C4600DE60B8 /* Archiving.swift in Sources */,
				4DD4DEB81A7EA15C00654A13 /* LUErar2.xcdatamodeld in Sources */,
				4D809CF61A7FEDC400593E17 /* PasswordManager.swift in Sources */,
				4DD4DEDF1A7EAF3C00654A13 /* FancyAnimation.swift in Sources */,
				4D8403021A7F48E90060691E /* Settings.swift in Sources */,
				4DAD665F1A800A3700DE60B8 /* DraggedFiles.swift in Sources */,
				4DCEB4381A7F1C8D001A78A2 /* Rar.swift in Sources */,
			);
			runOnlyForDeploymentPostprocessing = 0;
		};
		4DD4DEBE1A7EA15C00654A13 /* Sources */ = {
			isa = PBXSourcesBuildPhase;
			buildActionMask = 2147483647;
			files = (
				4DD4DEC91A7EA15C00654A13 /* LUErar2Tests.swift in Sources */,
			);
			runOnlyForDeploymentPostprocessing = 0;
		};
/* End PBXSourcesBuildPhase section */

/* Begin PBXTargetDependency section */
		4DD4DEC41A7EA15C00654A13 /* PBXTargetDependency */ = {
			isa = PBXTargetDependency;
			target = 4DD4DEAE1A7EA15C00654A13 /* LUErar2 */;
			targetProxy = 4DD4DEC31A7EA15C00654A13 /* PBXContainerItemProxy */;
		};
/* End PBXTargetDependency section */

/* Begin PBXVariantGroup section */
		4DD4DEBB1A7EA15C00654A13 /* MainMenu.xib */ = {
			isa = PBXVariantGroup;
			children = (
				4DD4DEBC1A7EA15C00654A13 /* Base */,
			);
			name = MainMenu.xib;
			sourceTree = "<group>";
		};
/* End PBXVariantGroup section */

/* Begin XCBuildConfiguration section */
		4DD4DECA1A7EA15C00654A13 /* Debug */ = {
			isa = XCBuildConfiguration;
			buildSettings = {
				ALWAYS_SEARCH_USER_PATHS = NO;
				CLANG_CXX_LANGUAGE_STANDARD = "gnu++0x";
				CLANG_CXX_LIBRARY = "libc++";
				CLANG_ENABLE_MODULES = YES;
				CLANG_ENABLE_OBJC_ARC = YES;
				CLANG_WARN_BOOL_CONVERSION = YES;
				CLANG_WARN_CONSTANT_CONVERSION = YES;
				CLANG_WARN_DIRECT_OBJC_ISA_USAGE = YES_ERROR;
				CLANG_WARN_EMPTY_BODY = YES;
				CLANG_WARN_ENUM_CONVERSION = YES;
				CLANG_WARN_INT_CONVERSION = YES;
				CLANG_WARN_OBJC_ROOT_CLASS = YES_ERROR;
				CLANG_WARN_UNREACHABLE_CODE = YES;
				CLANG_WARN__DUPLICATE_METHOD_MATCH = YES;
				CODE_SIGN_IDENTITY = "-";
				COPY_PHASE_STRIP = NO;
				ENABLE_STRICT_OBJC_MSGSEND = YES;
				GCC_C_LANGUAGE_STANDARD = gnu99;
				GCC_DYNAMIC_NO_PIC = NO;
				GCC_OPTIMIZATION_LEVEL = 0;
				GCC_PREPROCESSOR_DEFINITIONS = (
					"DEBUG=1",
					"$(inherited)",
				);
				GCC_SYMBOLS_PRIVATE_EXTERN = NO;
				GCC_WARN_64_TO_32_BIT_CONVERSION = YES;
				GCC_WARN_ABOUT_RETURN_TYPE = YES_ERROR;
				GCC_WARN_UNDECLARED_SELECTOR = YES;
				GCC_WARN_UNINITIALIZED_AUTOS = YES_AGGRESSIVE;
				GCC_WARN_UNUSED_FUNCTION = YES;
				GCC_WARN_UNUSED_VARIABLE = YES;
				MACOSX_DEPLOYMENT_TARGET = 10.10;
				MTL_ENABLE_DEBUG_INFO = YES;
				ONLY_ACTIVE_ARCH = YES;
				SDKROOT = macosx;
				SWIFT_OPTIMIZATION_LEVEL = "-Onone";
			};
			name = Debug;
		};
		4DD4DECB1A7EA15C00654A13 /* Release */ = {
			isa = XCBuildConfiguration;
			buildSettings = {
				ALWAYS_SEARCH_USER_PATHS = NO;
				CLANG_CXX_LANGUAGE_STANDARD = "gnu++0x";
				CLANG_CXX_LIBRARY = "libc++";
				CLANG_ENABLE_MODULES = YES;
				CLANG_ENABLE_OBJC_ARC = YES;
				CLANG_WARN_BOOL_CONVERSION = YES;
				CLANG_WARN_CONSTANT_CONVERSION = YES;
				CLANG_WARN_DIRECT_OBJC_ISA_USAGE = YES_ERROR;
				CLANG_WARN_EMPTY_BODY = YES;
				CLANG_WARN_ENUM_CONVERSION = YES;
				CLANG_WARN_INT_CONVERSION = YES;
				CLANG_WARN_OBJC_ROOT_CLASS = YES_ERROR;
				CLANG_WARN_UNREACHABLE_CODE = YES;
				CLANG_WARN__DUPLICATE_METHOD_MATCH = YES;
				CODE_SIGN_IDENTITY = "-";
				COPY_PHASE_STRIP = YES;
				DEBUG_INFORMATION_FORMAT = "dwarf-with-dsym";
				ENABLE_NS_ASSERTIONS = NO;
				ENABLE_STRICT_OBJC_MSGSEND = YES;
				GCC_C_LANGUAGE_STANDARD = gnu99;
				GCC_WARN_64_TO_32_BIT_CONVERSION = YES;
				GCC_WARN_ABOUT_RETURN_TYPE = YES_ERROR;
				GCC_WARN_UNDECLARED_SELECTOR = YES;
				GCC_WARN_UNINITIALIZED_AUTOS = YES_AGGRESSIVE;
				GCC_WARN_UNUSED_FUNCTION = YES;
				GCC_WARN_UNUSED_VARIABLE = YES;
				MACOSX_DEPLOYMENT_TARGET = 10.10;
				MTL_ENABLE_DEBUG_INFO = NO;
				SDKROOT = macosx;
			};
			name = Release;
		};
		4DD4DECD1A7EA15C00654A13 /* Debug */ = {
			isa = XCBuildConfiguration;
			buildSettings = {
				ASSETCATALOG_COMPILER_APPICON_NAME = AppIcon;
				COMBINE_HIDPI_IMAGES = YES;
				INFOPLIST_FILE = LUErar2/Info.plist;
				LD_RUNPATH_SEARCH_PATHS = "$(inherited) @executable_path/../Frameworks";
				PRODUCT_NAME = "$(TARGET_NAME)";
			};
			name = Debug;
		};
		4DD4DECE1A7EA15C00654A13 /* Release */ = {
			isa = XCBuildConfiguration;
			buildSettings = {
				ASSETCATALOG_COMPILER_APPICON_NAME = AppIcon;
				COMBINE_HIDPI_IMAGES = YES;
				INFOPLIST_FILE = LUErar2/Info.plist;
				LD_RUNPATH_SEARCH_PATHS = "$(inherited) @executable_path/../Frameworks";
				PRODUCT_NAME = "$(TARGET_NAME)";
			};
			name = Release;
		};
		4DD4DED01A7EA15C00654A13 /* Debug */ = {
			isa = XCBuildConfiguration;
			buildSettings = {
				BUNDLE_LOADER = "$(TEST_HOST)";
				COMBINE_HIDPI_IMAGES = YES;
				FRAMEWORK_SEARCH_PATHS = (
					"$(DEVELOPER_FRAMEWORKS_DIR)",
					"$(inherited)",
				);
				GCC_PREPROCESSOR_DEFINITIONS = (
					"DEBUG=1",
					"$(inherited)",
				);
				INFOPLIST_FILE = LUErar2Tests/Info.plist;
				LD_RUNPATH_SEARCH_PATHS = "$(inherited) @executable_path/../Frameworks @loader_path/../Frameworks";
				PRODUCT_NAME = "$(TARGET_NAME)";
				TEST_HOST = "$(BUILT_PRODUCTS_DIR)/LUErar2.app/Contents/MacOS/LUErar2";
			};
			name = Debug;
		};
		4DD4DED11A7EA15C00654A13 /* Release */ = {
			isa = XCBuildConfiguration;
			buildSettings = {
				BUNDLE_LOADER = "$(TEST_HOST)";
				COMBINE_HIDPI_IMAGES = YES;
				FRAMEWORK_SEARCH_PATHS = (
					"$(DEVELOPER_FRAMEWORKS_DIR)",
					"$(inherited)",
				);
				INFOPLIST_FILE = LUErar2Tests/Info.plist;
				LD_RUNPATH_SEARCH_PATHS = "$(inherited) @executable_path/../Frameworks @loader_path/../Frameworks";
				PRODUCT_NAME = "$(TARGET_NAME)";
				TEST_HOST = "$(BUILT_PRODUCTS_DIR)/LUErar2.app/Contents/MacOS/LUErar2";
			};
			name = Release;
		};
/* End XCBuildConfiguration section */

/* Begin XCConfigurationList section */
		4DD4DEAA1A7EA15C00654A13 /* Build configuration list for PBXProject "LUErar2" */ = {
			isa = XCConfigurationList;
			buildConfigurations = (
				4DD4DECA1A7EA15C00654A13 /* Debug */,
				4DD4DECB1A7EA15C00654A13 /* Release */,
			);
			defaultConfigurationIsVisible = 0;
			defaultConfigurationName = Release;
		};
		4DD4DECC1A7EA15C00654A13 /* Build configuration list for PBXNativeTarget "LUErar2" */ = {
			isa = XCConfigurationList;
			buildConfigurations = (
				4DD4DECD1A7EA15C00654A13 /* Debug */,
				4DD4DECE1A7EA15C00654A13 /* Release */,
			);
			defaultConfigurationIsVisible = 0;
			defaultConfigurationName = Release;
		};
		4DD4DECF1A7EA15C00654A13 /* Build configuration list for PBXNativeTarget "LUErar2Tests" */ = {
			isa = XCConfigurationList;
			buildConfigurations = (
				4DD4DED01A7EA15C00654A13 /* Debug */,
				4DD4DED11A7EA15C00654A13 /* Release */,
			);
			defaultConfigurationIsVisible = 0;
			defaultConfigurationName = Release;
		};
/* End XCConfigurationList section */

/* Begin XCVersionGroup section */
		4DD4DEB61A7EA15C00654A13 /* LUErar2.xcdatamodeld */ = {
			isa = XCVersionGroup;
			children = (
				4DD4DEB71A7EA15C00654A13 /* LUErar2.xcdatamodel */,
			);
			currentVersion = 4DD4DEB71A7EA15C00654A13 /* LUErar2.xcdatamodel */;
			path = LUErar2.xcdatamodeld;
			sourceTree = "<group>";
			versionGroupType = wrapper.xcdatamodel;
		};
/* End XCVersionGroup section */
	};
	rootObject = 4DD4DEA71A7EA15C00654A13 /* Project object */;
}
