// !$*UTF8*$!
{
	archiveVersion = 1;
	classes = {
	};
	objectVersion = 46;
	objects = {

/* Begin PBXBuildFile section */
		4DD4DEB51A7EA15C00654A13 /* AppDelegate.swift in Sources */ = {isa = PBXBuildFile; fileRef = 4DD4DEB41A7EA15C00654A13 /* AppDelegate.swift */; };
		4DD4DEB81A7EA15C00654A13 /* LUErar2.xcdatamodeld in Sources */ = {isa = PBXBuildFile; fileRef = 4DD4DEB61A7EA15C00654A13 /* LUErar2.xcdatamodeld */; };
		4DD4DEBA1A7EA15C00654A13 /* Images.xcassets in Resources */ = {isa = PBXBuildFile; fileRef = 4DD4DEB91A7EA15C00654A13 /* Images.xcassets */; };
		4DD4DEBD1A7EA15C00654A13 /* MainMenu.xib in Resources */ = {isa = PBXBuildFile; fileRef = 4DD4DEBB1A7EA15C00654A13 /* MainMenu.xib */; };
		4DD4DEC91A7EA15C00654A13 /* LUErar2Tests.swift in Sources */ = {isa = PBXBuildFile; fileRef = 4DD4DEC81A7EA15C00654A13 /* LUErar2Tests.swift */; };
/* End PBXBuildFile section */

/* Begin PBXContainerItemProxy section */
		4DD4DEC31A7EA15C00654A13 /* PBXContainerItemProxy */ = {
			isa = PBXContainerItemProxy;
			containerPortal = 4DD4DEA71A7EA15C00654A13 /* Project object */;
			proxyType = 1;
			remoteGlobalIDString = 4DD4DEAE1A7EA15C00654A13;
			remoteInfo = LUErar2;
		};
/* End PBXContainerItemProxy section */

/* Begin PBXFileReference section */
		4DD4DEAF1A7EA15C00654A13 /* LUErar2.app */ = {isa = PBXFileReference; explicitFileType = wrapper.application; includeInIndex = 0; path = LUErar2.app; sourceTree = BUILT_PRODUCTS_DIR; };
		4DD4DEB31A7EA15C00654A13 /* Info.plist */ = {isa = PBXFileReference; lastKnownFileType = text.plist.xml; path = Info.plist; sourceTree = "<group>"; };
		4DD4DEB41A7EA15C00654A13 /* AppDelegate.swift */ = {isa = PBXFileReference; lastKnownFileType = sourcecode.swift; path = AppDelegate.swift; sourceTree = "<group>"; };
		4DD4DEB71A7EA15C00654A13 /* LUErar2.xcdatamodel */ = {isa = PBXFileReference; lastKnownFileType = wrapper.xcdatamodel; path = LUErar2.xcdatamodel; sourceTree = "<group>"; };
		4DD4DEB91A7EA15C00654A13 /* Images.xcassets */ = {isa = PBXFileReference; lastKnownFileType = folder.assetcatalog; path = Images.xcassets; sourceTree = "<group>"; };
		4DD4DEBC1A7EA15C00654A13 /* Base */ = {isa = PBXFileReference; lastKnownFileType = file.xib; name = Base; path = Base.lproj/MainMenu.xib; sourceTree = "<group>"; };
		4DD4DEC21A7EA15C00654A13 /* LUErar2Tests.xctest */ = {isa = PBXFileReference; explicitFileType = wrapper.cfbundle; includeInIndex = 0; path = LUErar2Tests.xctest; sourceTree = BUILT_PRODUCTS_DIR; };
		4DD4DEC71A7EA15C00654A13 /* Info.plist */ = {isa = PBXFileReference; lastKnownFileType = text.plist.xml; path = Info.plist; sourceTree = "<group>"; };
		4DD4DEC81A7EA15C00654A13 /* LUErar2Tests.swift */ = {isa = PBXFileReference; lastKnownFileType = sourcecode.swift; path = LUErar2Tests.swift; sourceTree = "<group>"; };
/* End PBXFileReference section */

/* Begin PBXFrameworksBuildPhase section */
		4DD4DEAC1A7EA15C00654A13 /* Frameworks */ = {
			isa = PBXFrameworksBuildPhase;
			buildActionMask = 2147483647;
			files = (
			);
			runOnlyForDeploymentPostprocessing = 0;
		};
		4DD4DEBF1A7EA15C00654A13 /* Frameworks */ = {
			isa = PBXFrameworksBuildPhase;
			buildActionMask = 2147483647;
			files = (
			);
			runOnlyForDeploymentPostprocessing = 0;
		};
/* End PBXFrameworksBuildPhase section */

/* Begin PBXGroup section */
		4DD4DEA61A7EA15C00654A13 = {
			isa = PBXGroup;
			children = (
				4DD4DEB11A7EA15C00654A13 /* LUErar2 */,
				4DD4DEC51A7EA15C00654A13 /* LUErar2Tests */,
				4DD4DEB01A7EA15C00654A13 /* Products */,
			);
			sourceTree = "<group>";
		};
		4DD4DEB01A7EA15C00654A13 /* Products */ = {
			isa = PBXGroup;
			children = (
				4DD4DEAF1A7EA15C00654A13 /* LUErar2.app */,
				4DD4DEC21A7EA15C00654A13 /* LUErar2Tests.xctest */,
			);
			name = Products;
			sourceTree = "<group>";
		};
		4DD4DEB11A7EA15C00654A13 /* LUErar2 */ = {
			isa = PBXGroup;
			children = (
				4DD4DEB41A7EA15C00654A13 /* AppDelegate.swift */,
				4DD4DEB91A7EA15C00654A13 /* Images.xcassets */,
				4DD4DEBB1A7EA15C00654A13 /* MainMenu.xib */,
				4DD4DEB61A7EA15C00654A13 /* LUErar2.xcdatamodeld */,
				4DD4DEB21A7EA15C00654A13 /* Supporting Files */,
			);
			path = LUErar2;
			sourceTree = "<group>";
		};
		4DD4DEB21A7EA15C00654A13 /* Supporting Files */ = {
			isa = PBXGroup;
			children = (
				4DD4DEB31A7EA15C00654A13 /* Info.plist */,
			);
			name = "Supporting Files";
			sourceTree = "<group>";
		};
		4DD4DEC51A7EA15C00654A13 /* LUErar2Tests */ = {
			isa = PBXGroup;
			children = (
				4DD4DEC81A7EA15C00654A13 /* LUErar2Tests.swift */,
				4DD4DEC61A7EA15C00654A13 /* Supporting Files */,
			);
			path = LUErar2Tests;
			sourceTree = "<group>";
		};
		4DD4DEC61A7EA15C00654A13 /* Supporting Files */ = {
			isa = PBXGroup;
			children = (
				4DD4DEC71A7EA15C00654A13 /* Info.plist */,
			);
			name = "Supporting Files";
			sourceTree = "<group>";
		};
/* End PBXGroup section */

/* Begin PBXNativeTarget section */
		4DD4DEAE1A7EA15C00654A13 /* LUErar2 */ = {
			isa = PBXNativeTarget;
			buildConfigurationList = 4DD4DECC1A7EA15C00654A13 /* Build configuration list for PBXNativeTarget "LUErar2" */;
			buildPhases = (
				4DD4DEAB1A7EA15C00654A13 /* Sources */,
				4DD4DEAC1A7EA15C00654A13 /* Frameworks */,
				4DD4DEAD1A7EA15C00654A13 /* Resources */,
			);
			buildRules = (
			);
			dependencies = (
			);
			name = LUErar2;
			productName = LUErar2;
			productReference = 4DD4DEAF1A7EA15C00654A13 /* LUErar2.app */;
			productType = "com.apple.product-type.application";
		};
		4DD4DEC11A7EA15C00654A13 /* LUErar2Tests */ = {
			isa = PBXNativeTarget;
			buildConfigurationList = 4DD4DECF1A7EA15C00654A13 /* Build configuration list for PBXNativeTarget "LUErar2Tests" */;
			buildPhases = (
				4DD4DEBE1A7EA15C00654A13 /* Sources */,
				4DD4DEBF1A7EA15C00654A13 /* Frameworks */,
				4DD4DEC01A7EA15C00654A13 /* Resources */,
			);
			buildRules = (
			);
			dependencies = (
				4DD4DEC41A7EA15C00654A13 /* PBXTargetDependency */,
			);
			name = LUErar2Tests;
			productName = LUErar2Tests;
			productReference = 4DD4DEC21A7EA15C00654A13 /* LUErar2Tests.xctest */;
			productType = "com.apple.product-type.bundle.unit-test";
		};
/* End PBXNativeTarget section */

/* Begin PBXProject section */
		4DD4DEA71A7EA15C00654A13 /* Project object */ = {
			isa = PBXProject;
			attributes = {
				LastUpgradeCheck = 0610;
				ORGANIZATIONNAME = Kalphak;
				TargetAttributes = {
					4DD4DEAE1A7EA15C00654A13 = {
						CreatedOnToolsVersion = 6.1.1;
					};
					4DD4DEC11A7EA15C00654A13 = {
						CreatedOnToolsVersion = 6.1.1;
						TestTargetID = 4DD4DEAE1A7EA15C00654A13;
					};
				};
			};
			buildConfigurationList = 4DD4DEAA1A7EA15C00654A13 /* Build configuration list for PBXProject "LUErar2" */;
			compatibilityVersion = "Xcode 3.2";
			developmentRegion = English;
			hasScannedForEncodings = 0;
			knownRegions = (
				en,
				Base,
			);
			mainGroup = 4DD4DEA61A7EA15C00654A13;
			productRefGroup = 4DD4DEB01A7EA15C00654A13 /* Products */;
			projectDirPath = "";
			projectRoot = "";
			targets = (
				4DD4DEAE1A7EA15C00654A13 /* LUErar2 */,
				4DD4DEC11A7EA15C00654A13 /* LUErar2Tests */,
			);
		};
/* End PBXProject section */

/* Begin PBXResourcesBuildPhase section */
		4DD4DEAD1A7EA15C00654A13 /* Resources */ = {
			isa = PBXResourcesBuildPhase;
			buildActionMask = 2147483647;
			files = (
				4DD4DEBA1A7EA15C00654A13 /* Images.xcassets in Resources */,
				4DD4DEBD1A7EA15C00654A13 /* MainMenu.xib in Resources */,
			);
			runOnlyForDeploymentPostprocessing = 0;
		};
		4DD4DEC01A7EA15C00654A13 /* Resources */ = {
			isa = PBXResourcesBuildPhase;
			buildActionMask = 2147483647;
			files = (
			);
			runOnlyForDeploymentPostprocessing = 0;
		};
/* End PBXResourcesBuildPhase section */

/* Begin PBXSourcesBuildPhase section */
		4DD4DEAB1A7EA15C00654A13 /* Sources */ = {
			isa = PBXSourcesBuildPhase;
			buildActionMask = 2147483647;
			files = (
				4DD4DEB51A7EA15C00654A13 /* AppDelegate.swift in Sources */,
				4DD4DEB81A7EA15C00654A13 /* LUErar2.xcdatamodeld in Sources */,
			);
			runOnlyForDeploymentPostprocessing = 0;
		};
		4DD4DEBE1A7EA15C00654A13 /* Sources */ = {
			isa = PBXSourcesBuildPhase;
			buildActionMask = 2147483647;
			files = (
				4DD4DEC91A7EA15C00654A13 /* LUErar2Tests.swift in Sources */,
			);
			runOnlyForDeploymentPostprocessing = 0;
		};
/* End PBXSourcesBuildPhase section */

/* Begin PBXTargetDependency section */
		4DD4DEC41A7EA15C00654A13 /* PBXTargetDependency */ = {
			isa = PBXTargetDependency;
			target = 4DD4DEAE1A7EA15C00654A13 /* LUErar2 */;
			targetProxy = 4DD4DEC31A7EA15C00654A13 /* PBXContainerItemProxy */;
		};
/* End PBXTargetDependency section */

/* Begin PBXVariantGroup section */
		4DD4DEBB1A7EA15C00654A13 /* MainMenu.xib */ = {
			isa = PBXVariantGroup;
			children = (
				4DD4DEBC1A7EA15C00654A13 /* Base */,
			);
			name = MainMenu.xib;
			sourceTree = "<group>";
		};
/* End PBXVariantGroup section */

/* Begin XCBuildConfiguration section */
		4DD4DECA1A7EA15C00654A13 /* Debug */ = {
			isa = XCBuildConfiguration;
			buildSettings = {
				ALWAYS_SEARCH_USER_PATHS = NO;
				CLANG_CXX_LANGUAGE_STANDARD = "gnu++0x";
				CLANG_CXX_LIBRARY = "libc++";
				CLANG_ENABLE_MODULES = YES;
				CLANG_ENABLE_OBJC_ARC = YES;
				CLANG_WARN_BOOL_CONVERSION = YES;
				CLANG_WARN_CONSTANT_CONVERSION = YES;
				CLANG_WARN_DIRECT_OBJC_ISA_USAGE = YES_ERROR;
				CLANG_WARN_EMPTY_BODY = YES;
				CLANG_WARN_ENUM_CONVERSION = YES;
				CLANG_WARN_INT_CONVERSION = YES;
				CLANG_WARN_OBJC_ROOT_CLASS = YES_ERROR;
				CLANG_WARN_UNREACHABLE_CODE = YES;
				CLANG_WARN__DUPLICATE_METHOD_MATCH = YES;
				CODE_SIGN_IDENTITY = "-";
				COPY_PHASE_STRIP = NO;
				ENABLE_STRICT_OBJC_MSGSEND = YES;
				GCC_C_LANGUAGE_STANDARD = gnu99;
				GCC_DYNAMIC_NO_PIC = NO;
				GCC_OPTIMIZATION_LEVEL = 0;
				GCC_PREPROCESSOR_DEFINITIONS = (
					"DEBUG=1",
					"$(inherited)",
				);
				GCC_SYMBOLS_PRIVATE_EXTERN = NO;
				GCC_WARN_64_TO_32_BIT_CONVERSION = YES;
				GCC_WARN_ABOUT_RETURN_TYPE = YES_ERROR;
				GCC_WARN_UNDECLARED_SELECTOR = YES;
				GCC_WARN_UNINITIALIZED_AUTOS = YES_AGGRESSIVE;
				GCC_WARN_UNUSED_FUNCTION = YES;
				GCC_WARN_UNUSED_VARIABLE = YES;
				MACOSX_DEPLOYMENT_TARGET = 10.10;
				MTL_ENABLE_DEBUG_INFO = YES;
				ONLY_ACTIVE_ARCH = YES;
				SDKROOT = macosx;
				SWIFT_OPTIMIZATION_LEVEL = "-Onone";
			};
			name = Debug;
		};
		4DD4DECB1A7EA15C00654A13 /* Release */ = {
			isa = XCBuildConfiguration;
			buildSettings = {
				ALWAYS_SEARCH_USER_PATHS = NO;
				CLANG_CXX_LANGUAGE_STANDARD = "gnu++0x";
				CLANG_CXX_LIBRARY = "libc++";
				CLANG_ENABLE_MODULES = YES;
				CLANG_ENABLE_OBJC_ARC = YES;
				CLANG_WARN_BOOL_CONVERSION = YES;
				CLANG_WARN_CONSTANT_CONVERSION = YES;
				CLANG_WARN_DIRECT_OBJC_ISA_USAGE = YES_ERROR;
				CLANG_WARN_EMPTY_BODY = YES;
				CLANG_WARN_ENUM_CONVERSION = YES;
				CLANG_WARN_INT_CONVERSION = YES;
				CLANG_WARN_OBJC_ROOT_CLASS = YES_ERROR;
				CLANG_WARN_UNREACHABLE_CODE = YES;
				CLANG_WARN__DUPLICATE_METHOD_MATCH = YES;
				CODE_SIGN_IDENTITY = "-";
				COPY_PHASE_STRIP = YES;
				DEBUG_INFORMATION_FORMAT = "dwarf-with-dsym";
				ENABLE_NS_ASSERTIONS = NO;
				ENABLE_STRICT_OBJC_MSGSEND = YES;
				GCC_C_LANGUAGE_STANDARD = gnu99;
				GCC_WARN_64_TO_32_BIT_CONVERSION = YES;
				GCC_WARN_ABOUT_RETURN_TYPE = YES_ERROR;
				GCC_WARN_UNDECLARED_SELECTOR = YES;
				GCC_WARN_UNINITIALIZED_AUTOS = YES_AGGRESSIVE;
				GCC_WARN_UNUSED_FUNCTION = YES;
				GCC_WARN_UNUSED_VARIABLE = YES;
				MACOSX_DEPLOYMENT_TARGET = 10.10;
				MTL_ENABLE_DEBUG_INFO = NO;
				SDKROOT = macosx;
			};
			name = Release;
		};
		4DD4DECD1A7EA15C00654A13 /* Debug */ = {
			isa = XCBuildConfiguration;
			buildSettings = {
				ASSETCATALOG_COMPILER_APPICON_NAME = AppIcon;
				COMBINE_HIDPI_IMAGES = YES;
				INFOPLIST_FILE = LUErar2/Info.plist;
				LD_RUNPATH_SEARCH_PATHS = "$(inherited) @executable_path/../Frameworks";
				PRODUCT_NAME = "$(TARGET_NAME)";
			};
			name = Debug;
		};
		4DD4DECE1A7EA15C00654A13 /* Release */ = {
			isa = XCBuildConfiguration;
			buildSettings = {
				ASSETCATALOG_COMPILER_APPICON_NAME = AppIcon;
				COMBINE_HIDPI_IMAGES = YES;
				INFOPLIST_FILE = LUErar2/Info.plist;
				LD_RUNPATH_SEARCH_PATHS = "$(inherited) @executable_path/../Frameworks";
				PRODUCT_NAME = "$(TARGET_NAME)";
			};
			name = Release;
		};
		4DD4DED01A7EA15C00654A13 /* Debug */ = {
			isa = XCBuildConfiguration;
			buildSettings = {
				BUNDLE_LOADER = "$(TEST_HOST)";
				COMBINE_HIDPI_IMAGES = YES;
				FRAMEWORK_SEARCH_PATHS = (
					"$(DEVELOPER_FRAMEWORKS_DIR)",
					"$(inherited)",
				);
				GCC_PREPROCESSOR_DEFINITIONS = (
					"DEBUG=1",
					"$(inherited)",
				);
				INFOPLIST_FILE = LUErar2Tests/Info.plist;
				LD_RUNPATH_SEARCH_PATHS = "$(inherited) @executable_path/../Frameworks @loader_path/../Frameworks";
				PRODUCT_NAME = "$(TARGET_NAME)";
				TEST_HOST = "$(BUILT_PRODUCTS_DIR)/LUErar2.app/Contents/MacOS/LUErar2";
			};
			name = Debug;
		};
		4DD4DED11A7EA15C00654A13 /* Release */ = {
			isa = XCBuildConfiguration;
			buildSettings = {
				BUNDLE_LOADER = "$(TEST_HOST)";
				COMBINE_HIDPI_IMAGES = YES;
				FRAMEWORK_SEARCH_PATHS = (
					"$(DEVELOPER_FRAMEWORKS_DIR)",
					"$(inherited)",
				);
				INFOPLIST_FILE = LUErar2Tests/Info.plist;
				LD_RUNPATH_SEARCH_PATHS = "$(inherited) @executable_path/../Frameworks @loader_path/../Frameworks";
				PRODUCT_NAME = "$(TARGET_NAME)";
				TEST_HOST = "$(BUILT_PRODUCTS_DIR)/LUErar2.app/Contents/MacOS/LUErar2";
			};
			name = Release;
		};
/* End XCBuildConfiguration section */

/* Begin XCConfigurationList section */
		4DD4DEAA1A7EA15C00654A13 /* Build configuration list for PBXProject "LUErar2" */ = {
			isa = XCConfigurationList;
			buildConfigurations = (
				4DD4DECA1A7EA15C00654A13 /* Debug */,
				4DD4DECB1A7EA15C00654A13 /* Release */,
			);
			defaultConfigurationIsVisible = 0;
			defaultConfigurationName = Release;
		};
		4DD4DECC1A7EA15C00654A13 /* Build configuration list for PBXNativeTarget "LUErar2" */ = {
			isa = XCConfigurationList;
			buildConfigurations = (
				4DD4DECD1A7EA15C00654A13 /* Debug */,
				4DD4DECE1A7EA15C00654A13 /* Release */,
			);
			defaultConfigurationIsVisible = 0;
		};
		4DD4DECF1A7EA15C00654A13 /* Build configuration list for PBXNativeTarget "LUErar2Tests" */ = {
			isa = XCConfigurationList;
			buildConfigurations = (
				4DD4DED01A7EA15C00654A13 /* Debug */,
				4DD4DED11A7EA15C00654A13 /* Release */,
			);
			defaultConfigurationIsVisible = 0;
		};
/* End XCConfigurationList section */

/* Begin XCVersionGroup section */
		4DD4DEB61A7EA15C00654A13 /* LUErar2.xcdatamodeld */ = {
			isa = XCVersionGroup;
			children = (
				4DD4DEB71A7EA15C00654A13 /* LUErar2.xcdatamodel */,
			);
			currentVersion = 4DD4DEB71A7EA15C00654A13 /* LUErar2.xcdatamodel */;
			path = LUErar2.xcdatamodeld;
			sourceTree = "<group>";
			versionGroupType = wrapper.xcdatamodel;
		};
/* End XCVersionGroup section */
	};
	rootObject = 4DD4DEA71A7EA15C00654A13 /* Project object */;
}
